// !$*UTF8*$!
{
	archiveVersion = 1;
	classes = {
	};
	objectVersion = 48;
	objects = {

/* Begin PBXBuildFile section */
		DC2D848720119F6000EF0227 /* AppDelegate.swift in Sources */ = {isa = PBXBuildFile; fileRef = DC2D848620119F6000EF0227 /* AppDelegate.swift */; };
		DC2D848920119F6000EF0227 /* ViewController.swift in Sources */ = {isa = PBXBuildFile; fileRef = DC2D848820119F6000EF0227 /* ViewController.swift */; };
		DC2D848C20119F6000EF0227 /* Main.storyboard in Resources */ = {isa = PBXBuildFile; fileRef = DC2D848A20119F6000EF0227 /* Main.storyboard */; };
		DC2D848E20119F6000EF0227 /* Assets.xcassets in Resources */ = {isa = PBXBuildFile; fileRef = DC2D848D20119F6000EF0227 /* Assets.xcassets */; };
		DC2D849120119F6000EF0227 /* LaunchScreen.storyboard in Resources */ = {isa = PBXBuildFile; fileRef = DC2D848F20119F6000EF0227 /* LaunchScreen.storyboard */; };
		DC2D849C20119F6000EF0227 /* AverageAppsTests.swift in Sources */ = {isa = PBXBuildFile; fileRef = DC2D849B20119F6000EF0227 /* AverageAppsTests.swift */; };
		DC2D84A720119F6000EF0227 /* AverageAppsUITests.swift in Sources */ = {isa = PBXBuildFile; fileRef = DC2D84A620119F6000EF0227 /* AverageAppsUITests.swift */; };
/* End PBXBuildFile section */

/* Begin PBXContainerItemProxy section */
		DC2D849820119F6000EF0227 /* PBXContainerItemProxy */ = {
			isa = PBXContainerItemProxy;
			containerPortal = DC2D847B20119F6000EF0227 /* Project object */;
			proxyType = 1;
			remoteGlobalIDString = DC2D848220119F6000EF0227;
			remoteInfo = AverageApps;
		};
		DC2D84A320119F6000EF0227 /* PBXContainerItemProxy */ = {
			isa = PBXContainerItemProxy;
			containerPortal = DC2D847B20119F6000EF0227 /* Project object */;
			proxyType = 1;
			remoteGlobalIDString = DC2D848220119F6000EF0227;
			remoteInfo = AverageApps;
		};
/* End PBXContainerItemProxy section */

/* Begin PBXFileReference section */
		DC2D848320119F6000EF0227 /* AverageApps.app */ = {isa = PBXFileReference; explicitFileType = wrapper.application; includeInIndex = 0; path = AverageApps.app; sourceTree = BUILT_PRODUCTS_DIR; };
		DC2D848620119F6000EF0227 /* AppDelegate.swift */ = {isa = PBXFileReference; lastKnownFileType = sourcecode.swift; path = AppDelegate.swift; sourceTree = "<group>"; };
		DC2D848820119F6000EF0227 /* ViewController.swift */ = {isa = PBXFileReference; lastKnownFileType = sourcecode.swift; path = ViewController.swift; sourceTree = "<group>"; };
		DC2D848B20119F6000EF0227 /* Base */ = {isa = PBXFileReference; lastKnownFileType = file.storyboard; name = Base; path = Base.lproj/Main.storyboard; sourceTree = "<group>"; };
		DC2D848D20119F6000EF0227 /* Assets.xcassets */ = {isa = PBXFileReference; lastKnownFileType = folder.assetcatalog; path = Assets.xcassets; sourceTree = "<group>"; };
		DC2D849020119F6000EF0227 /* Base */ = {isa = PBXFileReference; lastKnownFileType = file.storyboard; name = Base; path = Base.lproj/LaunchScreen.storyboard; sourceTree = "<group>"; };
		DC2D849220119F6000EF0227 /* Info.plist */ = {isa = PBXFileReference; lastKnownFileType = text.plist.xml; path = Info.plist; sourceTree = "<group>"; };
		DC2D849720119F6000EF0227 /* AverageAppsTests.xctest */ = {isa = PBXFileReference; explicitFileType = wrapper.cfbundle; includeInIndex = 0; path = AverageAppsTests.xctest; sourceTree = BUILT_PRODUCTS_DIR; };
		DC2D849B20119F6000EF0227 /* AverageAppsTests.swift */ = {isa = PBXFileReference; lastKnownFileType = sourcecode.swift; path = AverageAppsTests.swift; sourceTree = "<group>"; };
		DC2D849D20119F6000EF0227 /* Info.plist */ = {isa = PBXFileReference; lastKnownFileType = text.plist.xml; path = Info.plist; sourceTree = "<group>"; };
		DC2D84A220119F6000EF0227 /* AverageAppsUITests.xctest */ = {isa = PBXFileReference; explicitFileType = wrapper.cfbundle; includeInIndex = 0; path = AverageAppsUITests.xctest; sourceTree = BUILT_PRODUCTS_DIR; };
		DC2D84A620119F6000EF0227 /* AverageAppsUITests.swift */ = {isa = PBXFileReference; lastKnownFileType = sourcecode.swift; path = AverageAppsUITests.swift; sourceTree = "<group>"; };
		DC2D84A820119F6000EF0227 /* Info.plist */ = {isa = PBXFileReference; lastKnownFileType = text.plist.xml; path = Info.plist; sourceTree = "<group>"; };
/* End PBXFileReference section */

/* Begin PBXFrameworksBuildPhase section */
		DC2D848020119F6000EF0227 /* Frameworks */ = {
			isa = PBXFrameworksBuildPhase;
			buildActionMask = 2147483647;
			files = (
			);
			runOnlyForDeploymentPostprocessing = 0;
		};
		DC2D849420119F6000EF0227 /* Frameworks */ = {
			isa = PBXFrameworksBuildPhase;
			buildActionMask = 2147483647;
			files = (
			);
			runOnlyForDeploymentPostprocessing = 0;
		};
		DC2D849F20119F6000EF0227 /* Frameworks */ = {
			isa = PBXFrameworksBuildPhase;
			buildActionMask = 2147483647;
			files = (
			);
			runOnlyForDeploymentPostprocessing = 0;
		};
/* End PBXFrameworksBuildPhase section */

/* Begin PBXGroup section */
		DC2D847A20119F6000EF0227 = {
			isa = PBXGroup;
			children = (
				DC2D848520119F6000EF0227 /* AverageApps */,
				DC2D849A20119F6000EF0227 /* AverageAppsTests */,
				DC2D84A520119F6000EF0227 /* AverageAppsUITests */,
				DC2D848420119F6000EF0227 /* Products */,
			);
			sourceTree = "<group>";
		};
		DC2D848420119F6000EF0227 /* Products */ = {
			isa = PBXGroup;
			children = (
				DC2D848320119F6000EF0227 /* AverageApps.app */,
				DC2D849720119F6000EF0227 /* AverageAppsTests.xctest */,
				DC2D84A220119F6000EF0227 /* AverageAppsUITests.xctest */,
			);
			name = Products;
			sourceTree = "<group>";
		};
		DC2D848520119F6000EF0227 /* AverageApps */ = {
			isa = PBXGroup;
			children = (
				DC2D848620119F6000EF0227 /* AppDelegate.swift */,
				DC2D848820119F6000EF0227 /* ViewController.swift */,
				DC2D848A20119F6000EF0227 /* Main.storyboard */,
				DC2D848D20119F6000EF0227 /* Assets.xcassets */,
				DC2D848F20119F6000EF0227 /* LaunchScreen.storyboard */,
				DC2D849220119F6000EF0227 /* Info.plist */,
			);
			path = AverageApps;
			sourceTree = "<group>";
		};
		DC2D849A20119F6000EF0227 /* AverageAppsTests */ = {
			isa = PBXGroup;
			children = (
				DC2D849B20119F6000EF0227 /* AverageAppsTests.swift */,
				DC2D849D20119F6000EF0227 /* Info.plist */,
			);
			path = AverageAppsTests;
			sourceTree = "<group>";
		};
		DC2D84A520119F6000EF0227 /* AverageAppsUITests */ = {
			isa = PBXGroup;
			children = (
				DC2D84A620119F6000EF0227 /* AverageAppsUITests.swift */,
				DC2D84A820119F6000EF0227 /* Info.plist */,
			);
			path = AverageAppsUITests;
			sourceTree = "<group>";
		};
/* End PBXGroup section */

/* Begin PBXNativeTarget section */
		DC2D848220119F6000EF0227 /* AverageApps */ = {
			isa = PBXNativeTarget;
			buildConfigurationList = DC2D84AB20119F6000EF0227 /* Build configuration list for PBXNativeTarget "AverageApps" */;
			buildPhases = (
				DC2D847F20119F6000EF0227 /* Sources */,
				DC2D848020119F6000EF0227 /* Frameworks */,
				DC2D848120119F6000EF0227 /* Resources */,
			);
			buildRules = (
			);
			dependencies = (
			);
			name = AverageApps;
			productName = AverageApps;
			productReference = DC2D848320119F6000EF0227 /* AverageApps.app */;
			productType = "com.apple.product-type.application";
		};
		DC2D849620119F6000EF0227 /* AverageAppsTests */ = {
			isa = PBXNativeTarget;
			buildConfigurationList = DC2D84AE20119F6000EF0227 /* Build configuration list for PBXNativeTarget "AverageAppsTests" */;
			buildPhases = (
				DC2D849320119F6000EF0227 /* Sources */,
				DC2D849420119F6000EF0227 /* Frameworks */,
				DC2D849520119F6000EF0227 /* Resources */,
			);
			buildRules = (
			);
			dependencies = (
				DC2D849920119F6000EF0227 /* PBXTargetDependency */,
			);
			name = AverageAppsTests;
			productName = AverageAppsTests;
			productReference = DC2D849720119F6000EF0227 /* AverageAppsTests.xctest */;
			productType = "com.apple.product-type.bundle.unit-test";
		};
		DC2D84A120119F6000EF0227 /* AverageAppsUITests */ = {
			isa = PBXNativeTarget;
			buildConfigurationList = DC2D84B120119F6000EF0227 /* Build configuration list for PBXNativeTarget "AverageAppsUITests" */;
			buildPhases = (
				DC2D849E20119F6000EF0227 /* Sources */,
				DC2D849F20119F6000EF0227 /* Frameworks */,
				DC2D84A020119F6000EF0227 /* Resources */,
			);
			buildRules = (
			);
			dependencies = (
				DC2D84A420119F6000EF0227 /* PBXTargetDependency */,
			);
			name = AverageAppsUITests;
			productName = AverageAppsUITests;
			productReference = DC2D84A220119F6000EF0227 /* AverageAppsUITests.xctest */;
			productType = "com.apple.product-type.bundle.ui-testing";
		};
/* End PBXNativeTarget section */

/* Begin PBXProject section */
		DC2D847B20119F6000EF0227 /* Project object */ = {
			isa = PBXProject;
			attributes = {
				LastSwiftUpdateCheck = 0910;
				LastUpgradeCheck = 0910;
				ORGANIZATIONNAME = Arjuna;
				TargetAttributes = {
					DC2D848220119F6000EF0227 = {
						CreatedOnToolsVersion = 9.1;
						ProvisioningStyle = Automatic;
					};
					DC2D849620119F6000EF0227 = {
						CreatedOnToolsVersion = 9.1;
						ProvisioningStyle = Automatic;
						TestTargetID = DC2D848220119F6000EF0227;
					};
					DC2D84A120119F6000EF0227 = {
						CreatedOnToolsVersion = 9.1;
						ProvisioningStyle = Automatic;
						TestTargetID = DC2D848220119F6000EF0227;
					};
				};
			};
			buildConfigurationList = DC2D847E20119F6000EF0227 /* Build configuration list for PBXProject "AverageApps" */;
			compatibilityVersion = "Xcode 8.0";
			developmentRegion = en;
			hasScannedForEncodings = 0;
			knownRegions = (
				en,
				Base,
			);
			mainGroup = DC2D847A20119F6000EF0227;
			productRefGroup = DC2D848420119F6000EF0227 /* Products */;
			projectDirPath = "";
			projectRoot = "";
			targets = (
				DC2D848220119F6000EF0227 /* AverageApps */,
				DC2D849620119F6000EF0227 /* AverageAppsTests */,
				DC2D84A120119F6000EF0227 /* AverageAppsUITests */,
			);
		};
/* End PBXProject section */

/* Begin PBXResourcesBuildPhase section */
		DC2D848120119F6000EF0227 /* Resources */ = {
			isa = PBXResourcesBuildPhase;
			buildActionMask = 2147483647;
			files = (
				DC2D849120119F6000EF0227 /* LaunchScreen.storyboard in Resources */,
				DC2D848E20119F6000EF0227 /* Assets.xcassets in Resources */,
				DC2D848C20119F6000EF0227 /* Main.storyboard in Resources */,
			);
			runOnlyForDeploymentPostprocessing = 0;
		};
		DC2D849520119F6000EF0227 /* Resources */ = {
			isa = PBXResourcesBuildPhase;
			buildActionMask = 2147483647;
			files = (
			);
			runOnlyForDeploymentPostprocessing = 0;
		};
		DC2D84A020119F6000EF0227 /* Resources */ = {
			isa = PBXResourcesBuildPhase;
			buildActionMask = 2147483647;
			files = (
			);
			runOnlyForDeploymentPostprocessing = 0;
		};
/* End PBXResourcesBuildPhase section */

/* Begin PBXSourcesBuildPhase section */
		DC2D847F20119F6000EF0227 /* Sources */ = {
			isa = PBXSourcesBuildPhase;
			buildActionMask = 2147483647;
			files = (
				DC2D848920119F6000EF0227 /* ViewController.swift in Sources */,
				DC2D848720119F6000EF0227 /* AppDelegate.swift in Sources */,
			);
			runOnlyForDeploymentPostprocessing = 0;
		};
		DC2D849320119F6000EF0227 /* Sources */ = {
			isa = PBXSourcesBuildPhase;
			buildActionMask = 2147483647;
			files = (
				DC2D849C20119F6000EF0227 /* AverageAppsTests.swift in Sources */,
			);
			runOnlyForDeploymentPostprocessing = 0;
		};
		DC2D849E20119F6000EF0227 /* Sources */ = {
			isa = PBXSourcesBuildPhase;
			buildActionMask = 2147483647;
			files = (
				DC2D84A720119F6000EF0227 /* AverageAppsUITests.swift in Sources */,
			);
			runOnlyForDeploymentPostprocessing = 0;
		};
/* End PBXSourcesBuildPhase section */

/* Begin PBXTargetDependency section */
		DC2D849920119F6000EF0227 /* PBXTargetDependency */ = {
			isa = PBXTargetDependency;
			target = DC2D848220119F6000EF0227 /* AverageApps */;
			targetProxy = DC2D849820119F6000EF0227 /* PBXContainerItemProxy */;
		};
		DC2D84A420119F6000EF0227 /* PBXTargetDependency */ = {
			isa = PBXTargetDependency;
			target = DC2D848220119F6000EF0227 /* AverageApps */;
			targetProxy = DC2D84A320119F6000EF0227 /* PBXContainerItemProxy */;
		};
/* End PBXTargetDependency section */

/* Begin PBXVariantGroup section */
		DC2D848A20119F6000EF0227 /* Main.storyboard */ = {
			isa = PBXVariantGroup;
			children = (
				DC2D848B20119F6000EF0227 /* Base */,
			);
			name = Main.storyboard;
			sourceTree = "<group>";
		};
		DC2D848F20119F6000EF0227 /* LaunchScreen.storyboard */ = {
			isa = PBXVariantGroup;
			children = (
				DC2D849020119F6000EF0227 /* Base */,
			);
			name = LaunchScreen.storyboard;
			sourceTree = "<group>";
		};
/* End PBXVariantGroup section */

/* Begin XCBuildConfiguration section */
		DC2D84A920119F6000EF0227 /* Debug */ = {
			isa = XCBuildConfiguration;
			buildSettings = {
				ALWAYS_SEARCH_USER_PATHS = NO;
				CLANG_ANALYZER_NONNULL = YES;
				CLANG_ANALYZER_NUMBER_OBJECT_CONVERSION = YES_AGGRESSIVE;
				CLANG_CXX_LANGUAGE_STANDARD = "gnu++14";
				CLANG_CXX_LIBRARY = "libc++";
				CLANG_ENABLE_MODULES = YES;
				CLANG_ENABLE_OBJC_ARC = YES;
				CLANG_WARN_BLOCK_CAPTURE_AUTORELEASING = YES;
				CLANG_WARN_BOOL_CONVERSION = YES;
				CLANG_WARN_COMMA = YES;
				CLANG_WARN_CONSTANT_CONVERSION = YES;
				CLANG_WARN_DIRECT_OBJC_ISA_USAGE = YES_ERROR;
				CLANG_WARN_DOCUMENTATION_COMMENTS = YES;
				CLANG_WARN_EMPTY_BODY = YES;
				CLANG_WARN_ENUM_CONVERSION = YES;
				CLANG_WARN_INFINITE_RECURSION = YES;
				CLANG_WARN_INT_CONVERSION = YES;
				CLANG_WARN_NON_LITERAL_NULL_CONVERSION = YES;
				CLANG_WARN_OBJC_LITERAL_CONVERSION = YES;
				CLANG_WARN_OBJC_ROOT_CLASS = YES_ERROR;
				CLANG_WARN_RANGE_LOOP_ANALYSIS = YES;
				CLANG_WARN_STRICT_PROTOTYPES = YES;
				CLANG_WARN_SUSPICIOUS_MOVE = YES;
				CLANG_WARN_UNGUARDED_AVAILABILITY = YES_AGGRESSIVE;
				CLANG_WARN_UNREACHABLE_CODE = YES;
				CLANG_WARN__DUPLICATE_METHOD_MATCH = YES;
				CODE_SIGN_IDENTITY = "iPhone Developer";
				COPY_PHASE_STRIP = NO;
				DEBUG_INFORMATION_FORMAT = dwarf;
				ENABLE_STRICT_OBJC_MSGSEND = YES;
				ENABLE_TESTABILITY = YES;
				GCC_C_LANGUAGE_STANDARD = gnu11;
				GCC_DYNAMIC_NO_PIC = NO;
				GCC_NO_COMMON_BLOCKS = YES;
				GCC_OPTIMIZATION_LEVEL = 0;
				GCC_PREPROCESSOR_DEFINITIONS = (
					"DEBUG=1",
					"$(inherited)",
				);
				GCC_WARN_64_TO_32_BIT_CONVERSION = YES;
				GCC_WARN_ABOUT_RETURN_TYPE = YES_ERROR;
				GCC_WARN_UNDECLARED_SELECTOR = YES;
				GCC_WARN_UNINITIALIZED_AUTOS = YES_AGGRESSIVE;
				GCC_WARN_UNUSED_FUNCTION = YES;
				GCC_WARN_UNUSED_VARIABLE = YES;
				IPHONEOS_DEPLOYMENT_TARGET = 11.1;
				MTL_ENABLE_DEBUG_INFO = YES;
				ONLY_ACTIVE_ARCH = YES;
				SDKROOT = iphoneos;
				SWIFT_ACTIVE_COMPILATION_CONDITIONS = DEBUG;
				SWIFT_OPTIMIZATION_LEVEL = "-Onone";
			};
			name = Debug;
		};
		DC2D84AA20119F6000EF0227 /* Release */ = {
			isa = XCBuildConfiguration;
			buildSettings = {
				ALWAYS_SEARCH_USER_PATHS = NO;
				CLANG_ANALYZER_NONNULL = YES;
				CLANG_ANALYZER_NUMBER_OBJECT_CONVERSION = YES_AGGRESSIVE;
				CLANG_CXX_LANGUAGE_STANDARD = "gnu++14";
				CLANG_CXX_LIBRARY = "libc++";
				CLANG_ENABLE_MODULES = YES;
				CLANG_ENABLE_OBJC_ARC = YES;
				CLANG_WARN_BLOCK_CAPTURE_AUTORELEASING = YES;
				CLANG_WARN_BOOL_CONVERSION = YES;
				CLANG_WARN_COMMA = YES;
				CLANG_WARN_CONSTANT_CONVERSION = YES;
				CLANG_WARN_DIRECT_OBJC_ISA_USAGE = YES_ERROR;
				CLANG_WARN_DOCUMENTATION_COMMENTS = YES;
				CLANG_WARN_EMPTY_BODY = YES;
				CLANG_WARN_ENUM_CONVERSION = YES;
				CLANG_WARN_INFINITE_RECURSION = YES;
				CLANG_WARN_INT_CONVERSION = YES;
				CLANG_WARN_NON_LITERAL_NULL_CONVERSION = YES;
				CLANG_WARN_OBJC_LITERAL_CONVERSION = YES;
				CLANG_WARN_OBJC_ROOT_CLASS = YES_ERROR;
				CLANG_WARN_RANGE_LOOP_ANALYSIS = YES;
				CLANG_WARN_STRICT_PROTOTYPES = YES;
				CLANG_WARN_SUSPICIOUS_MOVE = YES;
				CLANG_WARN_UNGUARDED_AVAILABILITY = YES_AGGRESSIVE;
				CLANG_WARN_UNREACHABLE_CODE = YES;
				CLANG_WARN__DUPLICATE_METHOD_MATCH = YES;
				CODE_SIGN_IDENTITY = "iPhone Developer";
				COPY_PHASE_STRIP = NO;
				DEBUG_INFORMATION_FORMAT = "dwarf-with-dsym";
				ENABLE_NS_ASSERTIONS = NO;
				ENABLE_STRICT_OBJC_MSGSEND = YES;
				GCC_C_LANGUAGE_STANDARD = gnu11;
				GCC_NO_COMMON_BLOCKS = YES;
				GCC_WARN_64_TO_32_BIT_CONVERSION = YES;
				GCC_WARN_ABOUT_RETURN_TYPE = YES_ERROR;
				GCC_WARN_UNDECLARED_SELECTOR = YES;
				GCC_WARN_UNINITIALIZED_AUTOS = YES_AGGRESSIVE;
				GCC_WARN_UNUSED_FUNCTION = YES;
				GCC_WARN_UNUSED_VARIABLE = YES;
				IPHONEOS_DEPLOYMENT_TARGET = 11.1;
				MTL_ENABLE_DEBUG_INFO = NO;
				SDKROOT = iphoneos;
				SWIFT_OPTIMIZATION_LEVEL = "-Owholemodule";
				VALIDATE_PRODUCT = YES;
			};
			name = Release;
		};
		DC2D84AC20119F6000EF0227 /* Debug */ = {
			isa = XCBuildConfiguration;
			buildSettings = {
				ASSETCATALOG_COMPILER_APPICON_NAME = AppIcon;
				CODE_SIGN_STYLE = Automatic;
				INFOPLIST_FILE = AverageApps/Info.plist;
				LD_RUNPATH_SEARCH_PATHS = "$(inherited) @executable_path/Frameworks";
				PRODUCT_BUNDLE_IDENTIFIER = arjuna.com.AverageApps;
				PRODUCT_NAME = "$(TARGET_NAME)";
				SWIFT_VERSION = 4.0;
				TARGETED_DEVICE_FAMILY = "1,2";
			};
			name = Debug;
		};
		DC2D84AD20119F6000EF0227 /* Release */ = {
			isa = XCBuildConfiguration;
			buildSettings = {
				ASSETCATALOG_COMPILER_APPICON_NAME = AppIcon;
				CODE_SIGN_STYLE = Automatic;
				INFOPLIST_FILE = AverageApps/Info.plist;
				LD_RUNPATH_SEARCH_PATHS = "$(inherited) @executable_path/Frameworks";
				PRODUCT_BUNDLE_IDENTIFIER = arjuna.com.AverageApps;
				PRODUCT_NAME = "$(TARGET_NAME)";
				SWIFT_VERSION = 4.0;
				TARGETED_DEVICE_FAMILY = "1,2";
			};
			name = Release;
		};
		DC2D84AF20119F6000EF0227 /* Debug */ = {
			isa = XCBuildConfiguration;
			buildSettings = {
				ALWAYS_EMBED_SWIFT_STANDARD_LIBRARIES = YES;
				BUNDLE_LOADER = "$(TEST_HOST)";
				CODE_SIGN_STYLE = Automatic;
				INFOPLIST_FILE = AverageAppsTests/Info.plist;
				LD_RUNPATH_SEARCH_PATHS = "$(inherited) @executable_path/Frameworks @loader_path/Frameworks";
				PRODUCT_BUNDLE_IDENTIFIER = arjuna.com.AverageAppsTests;
				PRODUCT_NAME = "$(TARGET_NAME)";
				SWIFT_VERSION = 4.0;
				TARGETED_DEVICE_FAMILY = "1,2";
				TEST_HOST = "$(BUILT_PRODUCTS_DIR)/AverageApps.app/AverageApps";
			};
			name = Debug;
		};
		DC2D84B020119F6000EF0227 /* Release */ = {
			isa = XCBuildConfiguration;
			buildSettings = {
				ALWAYS_EMBED_SWIFT_STANDARD_LIBRARIES = YES;
				BUNDLE_LOADER = "$(TEST_HOST)";
				CODE_SIGN_STYLE = Automatic;
				INFOPLIST_FILE = AverageAppsTests/Info.plist;
				LD_RUNPATH_SEARCH_PATHS = "$(inherited) @executable_path/Frameworks @loader_path/Frameworks";
				PRODUCT_BUNDLE_IDENTIFIER = arjuna.com.AverageAppsTests;
				PRODUCT_NAME = "$(TARGET_NAME)";
				SWIFT_VERSION = 4.0;
				TARGETED_DEVICE_FAMILY = "1,2";
				TEST_HOST = "$(BUILT_PRODUCTS_DIR)/AverageApps.app/AverageApps";
			};
			name = Release;
		};
		DC2D84B220119F6000EF0227 /* Debug */ = {
			isa = XCBuildConfiguration;
			buildSettings = {
				ALWAYS_EMBED_SWIFT_STANDARD_LIBRARIES = YES;
				CODE_SIGN_STYLE = Automatic;
				INFOPLIST_FILE = AverageAppsUITests/Info.plist;
				LD_RUNPATH_SEARCH_PATHS = "$(inherited) @executable_path/Frameworks @loader_path/Frameworks";
				PRODUCT_BUNDLE_IDENTIFIER = arjuna.com.AverageAppsUITests;
				PRODUCT_NAME = "$(TARGET_NAME)";
				SWIFT_VERSION = 4.0;
				TARGETED_DEVICE_FAMILY = "1,2";
				TEST_TARGET_NAME = AverageApps;
			};
			name = Debug;
		};
		DC2D84B320119F6000EF0227 /* Release */ = {
			isa = XCBuildConfiguration;
			buildSettings = {
				ALWAYS_EMBED_SWIFT_STANDARD_LIBRARIES = YES;
				CODE_SIGN_STYLE = Automatic;
				INFOPLIST_FILE = AverageAppsUITests/Info.plist;
				LD_RUNPATH_SEARCH_PATHS = "$(inherited) @executable_path/Frameworks @loader_path/Frameworks";
				PRODUCT_BUNDLE_IDENTIFIER = arjuna.com.AverageAppsUITests;
				PRODUCT_NAME = "$(TARGET_NAME)";
				SWIFT_VERSION = 4.0;
				TARGETED_DEVICE_FAMILY = "1,2";
				TEST_TARGET_NAME = AverageApps;
			};
			name = Release;
		};
/* End XCBuildConfiguration section */

/* Begin XCConfigurationList section */
		DC2D847E20119F6000EF0227 /* Build configuration list for PBXProject "AverageApps" */ = {
			isa = XCConfigurationList;
			buildConfigurations = (
				DC2D84A920119F6000EF0227 /* Debug */,
				DC2D84AA20119F6000EF0227 /* Release */,
			);
			defaultConfigurationIsVisible = 0;
			defaultConfigurationName = Release;
		};
		DC2D84AB20119F6000EF0227 /* Build configuration list for PBXNativeTarget "AverageApps" */ = {
			isa = XCConfigurationList;
			buildConfigurations = (
				DC2D84AC20119F6000EF0227 /* Debug */,
				DC2D84AD20119F6000EF0227 /* Release */,
			);
			defaultConfigurationIsVisible = 0;
			defaultConfigurationName = Release;
		};
		DC2D84AE20119F6000EF0227 /* Build configuration list for PBXNativeTarget "AverageAppsTests" */ = {
			isa = XCConfigurationList;
			buildConfigurations = (
				DC2D84AF20119F6000EF0227 /* Debug */,
				DC2D84B020119F6000EF0227 /* Release */,
			);
			defaultConfigurationIsVisible = 0;
			defaultConfigurationName = Release;
		};
		DC2D84B120119F6000EF0227 /* Build configuration list for PBXNativeTarget "AverageAppsUITests" */ = {
			isa = XCConfigurationList;
			buildConfigurations = (
				DC2D84B220119F6000EF0227 /* Debug */,
				DC2D84B320119F6000EF0227 /* Release */,
			);
			defaultConfigurationIsVisible = 0;
			defaultConfigurationName = Release;
		};
/* End XCConfigurationList section */
	};
	rootObject = DC2D847B20119F6000EF0227 /* Project object */;
}
